https://github.com/macro187/macro-sharp.git master f4b74d5b21237eae7af92b3b2e1cbe9da45addd3
https://github.com/macro187/macro-sharp-console.git master 87bd1900a7e7ffd4e9424c034777105ec84a2938
https://github.com/macro187/macro-sharp-git.git master f100bfb72e6d39a56586bb12de450a7dbb99bc3f
https://github.com/macro187/macro-sharp-sln.git master d3009fb23f7c811ec7b259cba9344205614c5b2e
