
Microsoft Visual Studio Solution File, Format Version 12.00
# Visual Studio 14
VisualStudioVersion = 14.0.25420.1
MinimumVisualStudioVersion = 10.0.40219.1
Project("{2150E333-8FDC-42A3-9474-1A3956D46DE8}") = "Solution Items", "Solution Items", "{0930899A-BB2D-422D-AC2D-2D6EC765D031}"
	ProjectSection(SolutionItems) = preProject
		.nugit = .nugit
		license.txt = license.txt
		readme.md = readme.md
	EndProjectSection
EndProject
Project("{FAE04EC0-301F-11D3-BF4B-00C04F79EFBC}") = "nugit", "nugit\nugit.csproj", "{DFD84E86-A829-4293-8077-A45F1A580C1C}"
EndProject
Project("{2150E333-8FDC-42A3-9474-1A3956D46DE8}") = "nugit-macro-sharp", "nugit-macro-sharp", "{D0ED8DBA-3B07-4DEC-83B6-CDFD3CEEB156}"
EndProject
Project("{FAE04EC0-301F-11D3-BF4B-00C04F79EFBC}") = "MacroAttributeGuards", "..\macro-sharp\MacroAttributeGuards\MacroAttributeGuards.csproj", "{B06AECBA-46E8-41A4-B64A-21D8D8125EEC}"
EndProject
Project("{FAE04EC0-301F-11D3-BF4B-00C04F79EFBC}") = "MacroDiagnostics", "..\macro-sharp\MacroDiagnostics\MacroDiagnostics.csproj", "{650A86C2-C971-48DE-8DF1-13970BC9D3C2}"
EndProject
Project("{FAE04EC0-301F-11D3-BF4B-00C04F79EFBC}") = "MacroDiagnostics.Tests.TestExe", "..\macro-sharp\MacroDiagnostics.Tests.TestExe\MacroDiagnostics.Tests.TestExe.csproj", "{AF588A49-7017-4E8E-94B5-37422BD529AF}"
EndProject
Project("{FAE04EC0-301F-11D3-BF4B-00C04F79EFBC}") = "MacroGuards", "..\macro-sharp\MacroGuards\MacroGuards.csproj", "{0049D988-2426-45B0-8FDA-EAB78622D887}"
EndProject
Project("{FAE04EC0-301F-11D3-BF4B-00C04F79EFBC}") = "MacroSystem", "..\macro-sharp\MacroSystem\MacroSystem.csproj", "{4B9B553A-B600-4DAE-AC79-1D0CB0B35584}"
EndProject
Project("{2150E333-8FDC-42A3-9474-1A3956D46DE8}") = "nugit-macro-sharp-git", "nugit-macro-sharp-git", "{AE6642D0-7452-4F74-87FE-CEBFC7E0C682}"
EndProject
Project("{FAE04EC0-301F-11D3-BF4B-00C04F79EFBC}") = "MacroGit", "..\macro-sharp-git\MacroGit\MacroGit.csproj", "{2852B710-2752-4F72-963C-46D92F6C5C2E}"
EndProject
Project("{FAE04EC0-301F-11D3-BF4B-00C04F79EFBC}") = "nugit.Tests", "nugit.Tests\nugit.Tests.csproj", "{0CFADF08-341E-4612-B3B3-42F6ED2ADCAC}"
EndProject
Global
	GlobalSection(SolutionConfigurationPlatforms) = preSolution
		Debug|Any CPU = Debug|Any CPU
		Release|Any CPU = Release|Any CPU
	EndGlobalSection
	GlobalSection(ProjectConfigurationPlatforms) = postSolution
		{DFD84E86-A829-4293-8077-A45F1A580C1C}.Debug|Any CPU.ActiveCfg = Debug|Any CPU
		{DFD84E86-A829-4293-8077-A45F1A580C1C}.Debug|Any CPU.Build.0 = Debug|Any CPU
		{DFD84E86-A829-4293-8077-A45F1A580C1C}.Release|Any CPU.ActiveCfg = Release|Any CPU
		{DFD84E86-A829-4293-8077-A45F1A580C1C}.Release|Any CPU.Build.0 = Release|Any CPU
		{B06AECBA-46E8-41A4-B64A-21D8D8125EEC}.Debug|Any CPU.ActiveCfg = Debug|Any CPU
		{B06AECBA-46E8-41A4-B64A-21D8D8125EEC}.Debug|Any CPU.Build.0 = Debug|Any CPU
		{B06AECBA-46E8-41A4-B64A-21D8D8125EEC}.Release|Any CPU.ActiveCfg = Release|Any CPU
		{B06AECBA-46E8-41A4-B64A-21D8D8125EEC}.Release|Any CPU.Build.0 = Release|Any CPU
		{650A86C2-C971-48DE-8DF1-13970BC9D3C2}.Debug|Any CPU.ActiveCfg = Debug|Any CPU
		{650A86C2-C971-48DE-8DF1-13970BC9D3C2}.Debug|Any CPU.Build.0 = Debug|Any CPU
		{650A86C2-C971-48DE-8DF1-13970BC9D3C2}.Release|Any CPU.ActiveCfg = Release|Any CPU
		{650A86C2-C971-48DE-8DF1-13970BC9D3C2}.Release|Any CPU.Build.0 = Release|Any CPU
		{AF588A49-7017-4E8E-94B5-37422BD529AF}.Debug|Any CPU.ActiveCfg = Debug|Any CPU
		{AF588A49-7017-4E8E-94B5-37422BD529AF}.Debug|Any CPU.Build.0 = Debug|Any CPU
		{AF588A49-7017-4E8E-94B5-37422BD529AF}.Release|Any CPU.ActiveCfg = Release|Any CPU
		{AF588A49-7017-4E8E-94B5-37422BD529AF}.Release|Any CPU.Build.0 = Release|Any CPU
		{0049D988-2426-45B0-8FDA-EAB78622D887}.Debug|Any CPU.ActiveCfg = Debug|Any CPU
		{0049D988-2426-45B0-8FDA-EAB78622D887}.Debug|Any CPU.Build.0 = Debug|Any CPU
		{0049D988-2426-45B0-8FDA-EAB78622D887}.Release|Any CPU.ActiveCfg = Release|Any CPU
		{0049D988-2426-45B0-8FDA-EAB78622D887}.Release|Any CPU.Build.0 = Release|Any CPU
		{4B9B553A-B600-4DAE-AC79-1D0CB0B35584}.Debug|Any CPU.ActiveCfg = Debug|Any CPU
		{4B9B553A-B600-4DAE-AC79-1D0CB0B35584}.Debug|Any CPU.Build.0 = Debug|Any CPU
		{4B9B553A-B600-4DAE-AC79-1D0CB0B35584}.Release|Any CPU.ActiveCfg = Release|Any CPU
		{4B9B553A-B600-4DAE-AC79-1D0CB0B35584}.Release|Any CPU.Build.0 = Release|Any CPU
		{2852B710-2752-4F72-963C-46D92F6C5C2E}.Debug|Any CPU.ActiveCfg = Debug|Any CPU
		{2852B710-2752-4F72-963C-46D92F6C5C2E}.Debug|Any CPU.Build.0 = Debug|Any CPU
		{2852B710-2752-4F72-963C-46D92F6C5C2E}.Release|Any CPU.ActiveCfg = Release|Any CPU
		{2852B710-2752-4F72-963C-46D92F6C5C2E}.Release|Any CPU.Build.0 = Release|Any CPU
		{0CFADF08-341E-4612-B3B3-42F6ED2ADCAC}.Debug|Any CPU.ActiveCfg = Debug|Any CPU
		{0CFADF08-341E-4612-B3B3-42F6ED2ADCAC}.Debug|Any CPU.Build.0 = Debug|Any CPU
		{0CFADF08-341E-4612-B3B3-42F6ED2ADCAC}.Release|Any CPU.ActiveCfg = Release|Any CPU
		{0CFADF08-341E-4612-B3B3-42F6ED2ADCAC}.Release|Any CPU.Build.0 = Release|Any CPU
	EndGlobalSection
	GlobalSection(SolutionProperties) = preSolution
		HideSolutionNode = FALSE
	EndGlobalSection
	GlobalSection(NestedProjects) = preSolution
		{B06AECBA-46E8-41A4-B64A-21D8D8125EEC} = {D0ED8DBA-3B07-4DEC-83B6-CDFD3CEEB156}
		{650A86C2-C971-48DE-8DF1-13970BC9D3C2} = {D0ED8DBA-3B07-4DEC-83B6-CDFD3CEEB156}
		{AF588A49-7017-4E8E-94B5-37422BD529AF} = {D0ED8DBA-3B07-4DEC-83B6-CDFD3CEEB156}
		{0049D988-2426-45B0-8FDA-EAB78622D887} = {D0ED8DBA-3B07-4DEC-83B6-CDFD3CEEB156}
		{4B9B553A-B600-4DAE-AC79-1D0CB0B35584} = {D0ED8DBA-3B07-4DEC-83B6-CDFD3CEEB156}
		{2852B710-2752-4F72-963C-46D92F6C5C2E} = {AE6642D0-7452-4F74-87FE-CEBFC7E0C682}
	EndGlobalSection
EndGlobal
